
Microsoft Visual Studio Solution File, Format Version 12.00
# Visual Studio Version 16
VisualStudioVersion = 16.0.32929.386
MinimumVisualStudioVersion = 10.0.40219.1
Project("{FAE04EC0-301F-11D3-BF4B-00C04F79EFBC}") = "Systemworks ESO-Project", "Systemworks ESO-Project\Systemworks ESO-Project.csproj", "{7484E42A-B4F6-4A15-B7C0-FD25938AF1A1}"
EndProject
Global
	GlobalSection(SolutionConfigurationPlatforms) = preSolution
		Debug|Any CPU = Debug|Any CPU
		Release|Any CPU = Release|Any CPU
	EndGlobalSection
	GlobalSection(ProjectConfigurationPlatforms) = postSolution
		{7484E42A-B4F6-4A15-B7C0-FD25938AF1A1}.Debug|Any CPU.ActiveCfg = Debug|Any CPU
		{7484E42A-B4F6-4A15-B7C0-FD25938AF1A1}.Debug|Any CPU.Build.0 = Debug|Any CPU
		{7484E42A-B4F6-4A15-B7C0-FD25938AF1A1}.Release|Any CPU.ActiveCfg = Release|Any CPU
		{7484E42A-B4F6-4A15-B7C0-FD25938AF1A1}.Release|Any CPU.Build.0 = Release|Any CPU
	EndGlobalSection
	GlobalSection(SolutionProperties) = preSolution
		HideSolutionNode = FALSE
	EndGlobalSection
	GlobalSection(ExtensibilityGlobals) = postSolution
		SolutionGuid = {C9E2D54C-D287-4BA7-A625-519B68DD9FDE}
	EndGlobalSection
EndGlobal
